// !$*UTF8*$!
{
	archiveVersion = 1;
	classes = {
	};
	objectVersion = 46;
	objects = {
/* Begin PBXBuildFile section */
		0207DA581B56EA530066E2B4 /* Images.xcassets in Resources */ = {isa = PBXBuildFile; fileRef = 0207DA571B56EA530066E2B4 /* Images.xcassets */; };
		1D3623260D0F684500981E51 /* AppDelegate.m in Sources */ = {isa = PBXBuildFile; fileRef = 1D3623250D0F684500981E51 /* AppDelegate.m */; };
		1D60589B0D05DD56006BFB54 /* main.m in Sources */ = {isa = PBXBuildFile; fileRef = 29B97316FDCFA39411CA2CEA /* main.m */; };
		301BF552109A68D80062928A /* libCordova.a in Frameworks */ = {isa = PBXBuildFile; fileRef = 301BF535109A57CC0062928A /* libCordova.a */; };
		302D95F114D2391D003F00A1 /* MainViewController.m in Sources */ = {isa = PBXBuildFile; fileRef = 302D95EF14D2391D003F00A1 /* MainViewController.m */; };
		302D95F214D2391D003F00A1 /* MainViewController.xib in Resources */ = {isa = PBXBuildFile; fileRef = 302D95F014D2391D003F00A1 /* MainViewController.xib */; };
		3047A5121AB8059700498E2A /* build-debug.xcconfig in Resources */ = {isa = PBXBuildFile; fileRef = 3047A50F1AB8059700498E2A /* build-debug.xcconfig */; };
		3047A5131AB8059700498E2A /* build-release.xcconfig in Resources */ = {isa = PBXBuildFile; fileRef = 3047A5101AB8059700498E2A /* build-release.xcconfig */; };
		3047A5141AB8059700498E2A /* build.xcconfig in Resources */ = {isa = PBXBuildFile; fileRef = 3047A5111AB8059700498E2A /* build.xcconfig */; };
		6AFF5BF91D6E424B00AB3073 /* CDVLaunchScreen.storyboard in Resources */ = {isa = PBXBuildFile; fileRef = 6AFF5BF81D6E424B00AB3073 /* CDVLaunchScreen.storyboard */; };
		DBFC053E623C43478574EB34 /* CDVBattery.m in Sources */ = {isa = PBXBuildFile; fileRef = EC76345147FB44639E32B61F /* CDVBattery.m */; };
		45DFD4BAE6DE4447AC594EE6 /* UIImage+CropScaleOrientation.m in Sources */ = {isa = PBXBuildFile; fileRef = 441ABE7A87B2499A9B8A6EBC /* UIImage+CropScaleOrientation.m */; };
		F2B2D648E17348D691D19D8D /* CDVCamera.m in Sources */ = {isa = PBXBuildFile; fileRef = 68C55BBCF1204137B3CB0191 /* CDVCamera.m */; };
		DB7F1463F8C4487FAC00C70D /* CDVJpegHeaderWriter.m in Sources */ = {isa = PBXBuildFile; fileRef = 92542E20E4CE4D029A30A490 /* CDVJpegHeaderWriter.m */; };
		736F72D8EB284891AA892405 /* ImageIO.framework in Frameworks */ = {isa = PBXBuildFile; fileRef = 09BECDF388124FF091D908A2 /* ImageIO.framework */; settings = {ATTRIBUTES = (Weak, ); }; };
		650A10ED0FD54C738AD2B189 /* CoreLocation.framework in Frameworks */ = {isa = PBXBuildFile; fileRef = 9A4BA7AF41B24C258DA5C259 /* CoreLocation.framework */; };
		C13C636803B9443FA45612F1 /* AVFoundation.framework in Frameworks */ = {isa = PBXBuildFile; fileRef = A72D01E7B2774B41A768D147 /* AVFoundation.framework */; };
		B6CC72582EDB4E3DA9043B39 /* CDVLogger.m in Sources */ = {isa = PBXBuildFile; fileRef = 90090F57C8834F5A95994F41 /* CDVLogger.m */; };
		3F12CA7778474FEFB6336152 /* CDVContacts.m in Sources */ = {isa = PBXBuildFile; fileRef = 71E8810A07B9456AA09E7B99 /* CDVContacts.m */; };
		FED49752FD10476CABE2692F /* CDVContact.m in Sources */ = {isa = PBXBuildFile; fileRef = 08507FD31D6440A5BA1E45A3 /* CDVContact.m */; };
		B5C5EDBB1C2447D59D3151F5 /* AddressBook.framework in Frameworks */ = {isa = PBXBuildFile; fileRef = BA185CEBC4FE4B73B5E33D3B /* AddressBook.framework */; settings = {ATTRIBUTES = (Weak, ); }; };
		6458649FA03F487FBF809BE3 /* AddressBookUI.framework in Frameworks */ = {isa = PBXBuildFile; fileRef = FE40BCCA23A64C8EBE9F2FEC /* AddressBookUI.framework */; settings = {ATTRIBUTES = (Weak, ); }; };
		5DA49F01E3544D649DAAF1E8 /* CDVDevice.m in Sources */ = {isa = PBXBuildFile; fileRef = C21AA35D7B6E4FAD8A77F82F /* CDVDevice.m */; };
		E23780F83DD14ECAAF3A5FD7 /* libz.tbd in Frameworks */ = {isa = PBXBuildFile; fileRef = B239F0966AB64BE3B1EDCE9D /* libz.tbd */; };
		66A0C5A1423E4E9A928393B2 /* CDVAccelerometer.m in Sources */ = {isa = PBXBuildFile; fileRef = 701B566CE72140718C0A9CCB /* CDVAccelerometer.m */; };
		A84C76499B714A2188CBF703 /* CoreMotion.framework in Frameworks */ = {isa = PBXBuildFile; fileRef = A802E1DDB1074D698DBE8D90 /* CoreMotion.framework */; };
		484E43FBE2454EE8A9831861 /* CDVCompass.m in Sources */ = {isa = PBXBuildFile; fileRef = DBF40A3D3D4D4D7189E0B1CA /* CDVCompass.m */; };
		F28DDC77DF764E5392A65BE9 /* CDVNotification.m in Sources */ = {isa = PBXBuildFile; fileRef = 66D6FD508AA34B759D12E966 /* CDVNotification.m */; };
		FE206E610F1941478982C8F0 /* CDVNotification.bundle in Resources */ = {isa = PBXBuildFile; fileRef = 8950D8684683485EB55B84FD /* CDVNotification.bundle */; };
		81A9A6662EAA47FF89C91AF4 /* AudioToolbox.framework in Frameworks */ = {isa = PBXBuildFile; fileRef = 0B30EDCA685647869458BD35 /* AudioToolbox.framework */; settings = {ATTRIBUTES = (Weak, ); }; };
		2BFBF90A1FD7441289CB744E /* CDVFile.m in Sources */ = {isa = PBXBuildFile; fileRef = AEEA23E601764C108A10EA8A /* CDVFile.m */; };
		0B6E9D168AEF4B568ACA8C23 /* CDVLocalFilesystem.m in Sources */ = {isa = PBXBuildFile; fileRef = A38E5AE855344145AD7CF89E /* CDVLocalFilesystem.m */; };
		87E9007DA1A445A1AADAC076 /* CDVAssetLibraryFilesystem.m in Sources */ = {isa = PBXBuildFile; fileRef = CA971270EE1441B8BD9E163A /* CDVAssetLibraryFilesystem.m */; };
		2403350BC39943C5B97E8FA8 /* CDVFileTransfer.m in Sources */ = {isa = PBXBuildFile; fileRef = E5F8E8A636DE4C1D9202D0B4 /* CDVFileTransfer.m */; };
		5AA971187C034C7BA2D33A83 /* CDVLocation.m in Sources */ = {isa = PBXBuildFile; fileRef = 331E76B193B749459F618D2A /* CDVLocation.m */; };
		F8993B5249544461B76115CD /* CDVGlobalization.m in Sources */ = {isa = PBXBuildFile; fileRef = FD687280E3EB4F7E8440C74C /* CDVGlobalization.m */; };
		DCBFCBC11D584D3BBE2E6DFE /* CDVInAppBrowser.m in Sources */ = {isa = PBXBuildFile; fileRef = 423C9BB4289F489C8F750E27 /* CDVInAppBrowser.m */; };
		9972393593DC43EA9C220AC0 /* CDVSound.m in Sources */ = {isa = PBXBuildFile; fileRef = DF28EFACD03D485982BEC7D0 /* CDVSound.m */; };
		F7CD786D1E44461F89115243 /* CDVCapture.m in Sources */ = {isa = PBXBuildFile; fileRef = EF3544E089A5402180C986BC /* CDVCapture.m */; };
		4D44EF0D20DB48C49DAA41BC /* CDVCapture.bundle in Resources */ = {isa = PBXBuildFile; fileRef = 11B369E929B94DD28EDF4D88 /* CDVCapture.bundle */; };
		BB66D45EE4C84AB58AA2945E /* CDVConnection.m in Sources */ = {isa = PBXBuildFile; fileRef = 585829E9438D49A2A308034C /* CDVConnection.m */; };
		1B66840EACBE47978692A94A /* CDVReachability.m in Sources */ = {isa = PBXBuildFile; fileRef = F36BAAEC02FF4C5CB64569C5 /* CDVReachability.m */; };
		6C1AEB69368D4A7CBE884950 /* SystemConfiguration.framework in Frameworks */ = {isa = PBXBuildFile; fileRef = 0EB58910A96044088AFE3E7F /* SystemConfiguration.framework */; settings = {ATTRIBUTES = (Weak, ); }; };
		8CCED4F698D4498BA1878122 /* CoreTelephony.framework in Frameworks */ = {isa = PBXBuildFile; fileRef = 25A5188C5D564A2599EB1D2F /* CoreTelephony.framework */; };
		BC04020501CD4A9E9AC87633 /* CDVSplashScreen.m in Sources */ = {isa = PBXBuildFile; fileRef = 6FA298FB8C0F4779A20AA0CF /* CDVSplashScreen.m */; };
		963F51394C9442E69D2C597A /* CDVViewController+SplashScreen.m in Sources */ = {isa = PBXBuildFile; fileRef = E0EE1F9C68A34858BFB3DC04 /* CDVViewController+SplashScreen.m */; };
		30BA5BED586943DFAE2D800A /* CDVStatusBar.m in Sources */ = {isa = PBXBuildFile; fileRef = 8325774092B3494F8CC69F4B /* CDVStatusBar.m */; };
		162F1BAB3E724D0991F004DA /* CDVVibration.m in Sources */ = {isa = PBXBuildFile; fileRef = A6C6F31E40F249B1BBD20B42 /* CDVVibration.m */; };
/* End PBXBuildFile section */

/* Begin PBXContainerItemProxy section */
		301BF534109A57CC0062928A /* PBXContainerItemProxy */ = {
			isa = PBXContainerItemProxy;
			containerPortal = 301BF52D109A57CC0062928A /* CordovaLib.xcodeproj */;
			proxyType = 2;
			remoteGlobalIDString = D2AAC07E0554694100DB518D;
			remoteInfo = CordovaLib;
		};
		301BF550109A68C00062928A /* PBXContainerItemProxy */ = {
			isa = PBXContainerItemProxy;
			containerPortal = 301BF52D109A57CC0062928A /* CordovaLib.xcodeproj */;
			proxyType = 1;
			remoteGlobalIDString = D2AAC07D0554694100DB518D;
			remoteInfo = CordovaLib;
		};
/* End PBXContainerItemProxy section */

/* Begin PBXFileReference section */
		0207DA571B56EA530066E2B4 /* Images.xcassets */ = {isa = PBXFileReference; lastKnownFileType = folder.assetcatalog; name = Images.xcassets; path = "zoi/Images.xcassets"; sourceTree = SOURCE_ROOT; };
		1D3623240D0F684500981E51 /* AppDelegate.h */ = {isa = PBXFileReference; fileEncoding = 4; lastKnownFileType = sourcecode.c.h; path = AppDelegate.h; sourceTree = "<group>"; };
		1D3623250D0F684500981E51 /* AppDelegate.m */ = {isa = PBXFileReference; fileEncoding = 4; lastKnownFileType = sourcecode.c.objc; path = AppDelegate.m; sourceTree = "<group>"; };
		1D6058910D05DD3D006BFB54 /* zoi.app */ = {isa = PBXFileReference; explicitFileType = wrapper.application; includeInIndex = 0; path = "zoi.app"; sourceTree = BUILT_PRODUCTS_DIR; };
		29B97316FDCFA39411CA2CEA /* main.m */ = {isa = PBXFileReference; fileEncoding = 4; lastKnownFileType = sourcecode.c.objc; path = main.m; sourceTree = "<group>"; };
		301BF52D109A57CC0062928A /* CordovaLib.xcodeproj */ = {isa = PBXFileReference; lastKnownFileType = "wrapper.pb-project"; name = CordovaLib.xcodeproj; path = CordovaLib/CordovaLib.xcodeproj; sourceTree = "<group>"; };
		301BF56E109A69640062928A /* www */ = {isa = PBXFileReference; lastKnownFileType = folder; path = www; sourceTree = SOURCE_ROOT; };
		302D95EE14D2391D003F00A1 /* MainViewController.h */ = {isa = PBXFileReference; fileEncoding = 4; lastKnownFileType = sourcecode.c.h; path = MainViewController.h; sourceTree = "<group>"; };
		302D95EF14D2391D003F00A1 /* MainViewController.m */ = {isa = PBXFileReference; fileEncoding = 4; lastKnownFileType = sourcecode.c.objc; path = MainViewController.m; sourceTree = "<group>"; };
		302D95F014D2391D003F00A1 /* MainViewController.xib */ = {isa = PBXFileReference; fileEncoding = 4; lastKnownFileType = file.xib; path = MainViewController.xib; sourceTree = "<group>"; };
		3047A50F1AB8059700498E2A /* build-debug.xcconfig */ = {isa = PBXFileReference; fileEncoding = 4; lastKnownFileType = text.xcconfig; name = "build-debug.xcconfig"; path = cordova/build-debug.xcconfig; sourceTree = SOURCE_ROOT; };
		3047A5101AB8059700498E2A /* build-release.xcconfig */ = {isa = PBXFileReference; fileEncoding = 4; lastKnownFileType = text.xcconfig; name = "build-release.xcconfig"; path = cordova/build-release.xcconfig; sourceTree = SOURCE_ROOT; };
		3047A5111AB8059700498E2A /* build.xcconfig */ = {isa = PBXFileReference; fileEncoding = 4; lastKnownFileType = text.xcconfig; name = build.xcconfig; path = cordova/build.xcconfig; sourceTree = SOURCE_ROOT; };
		32CA4F630368D1EE00C91783 /* zoi-Prefix.pch */ = {isa = PBXFileReference; fileEncoding = 4; lastKnownFileType = sourcecode.c.h; path = "zoi-Prefix.pch"; sourceTree = "<group>"; };
		6AFF5BF81D6E424B00AB3073 /* CDVLaunchScreen.storyboard */ = {isa = PBXFileReference; fileEncoding = 4; lastKnownFileType = file.storyboard; name = CDVLaunchScreen.storyboard; path = "zoi/CDVLaunchScreen.storyboard"; sourceTree = SOURCE_ROOT; };
		8D1107310486CEB800E47090 /* zoi-Info.plist */ = {isa = PBXFileReference; fileEncoding = 4; lastKnownFileType = text.plist.xml; name = "zoi-Info.plist"; path = "zoi/zoi-Info.plist"; plistStructureDefinitionIdentifier = "com.apple.xcode.plist.structure-definition.iphone.info-plist"; sourceTree = SOURCE_ROOT; };
		EB87FDF31871DA8E0020F90C /* www */ = {isa = PBXFileReference; lastKnownFileType = folder; name = www; path = ../../www; sourceTree = "<group>"; };
		EB87FDF41871DAF40020F90C /* config.xml */ = {isa = PBXFileReference; lastKnownFileType = text.xml; name = config.xml; path = ../../config.xml; sourceTree = "<group>"; };
		F840E1F0165FE0F500CFE078 /* config.xml */ = {isa = PBXFileReference; lastKnownFileType = text.xml; name = config.xml; path = "zoi/config.xml"; sourceTree = "<group>"; };
		ED33DF2A687741AEAF9F8254 /* Bridging-Header.h */ = {isa = PBXFileReference; fileEncoding = 4; lastKnownFileType = sourcecode.c.h; name = "Bridging-Header.h"; path = "Bridging-Header.h"; sourceTree = "<group>"; };
		EC76345147FB44639E32B61F /* CDVBattery.m */ = {isa = PBXFileReference; name = "CDVBattery.m"; path = "cordova-plugin-battery-status/CDVBattery.m"; sourceTree = "<group>"; fileEncoding = 4; lastKnownFileType = sourcecode.c.objc; explicitFileType = undefined; includeInIndex = 0; };
		44A45D3CAAEB4AAC84A33B29 /* CDVBattery.h */ = {isa = PBXFileReference; name = "CDVBattery.h"; path = "cordova-plugin-battery-status/CDVBattery.h"; sourceTree = "<group>"; fileEncoding = 4; lastKnownFileType = sourcecode.c.h; explicitFileType = undefined; includeInIndex = 0; };
		441ABE7A87B2499A9B8A6EBC /* UIImage+CropScaleOrientation.m */ = {isa = PBXFileReference; name = "UIImage+CropScaleOrientation.m"; path = "cordova-plugin-camera/UIImage+CropScaleOrientation.m"; sourceTree = "<group>"; fileEncoding = 4; lastKnownFileType = sourcecode.c.objc; explicitFileType = undefined; includeInIndex = 0; };
		68C55BBCF1204137B3CB0191 /* CDVCamera.m */ = {isa = PBXFileReference; name = "CDVCamera.m"; path = "cordova-plugin-camera/CDVCamera.m"; sourceTree = "<group>"; fileEncoding = 4; lastKnownFileType = sourcecode.c.objc; explicitFileType = undefined; includeInIndex = 0; };
		92542E20E4CE4D029A30A490 /* CDVJpegHeaderWriter.m */ = {isa = PBXFileReference; name = "CDVJpegHeaderWriter.m"; path = "cordova-plugin-camera/CDVJpegHeaderWriter.m"; sourceTree = "<group>"; fileEncoding = 4; lastKnownFileType = sourcecode.c.objc; explicitFileType = undefined; includeInIndex = 0; };
		1E862EC57A0D4F6CA5633448 /* UIImage+CropScaleOrientation.h */ = {isa = PBXFileReference; name = "UIImage+CropScaleOrientation.h"; path = "cordova-plugin-camera/UIImage+CropScaleOrientation.h"; sourceTree = "<group>"; fileEncoding = 4; lastKnownFileType = sourcecode.c.h; explicitFileType = undefined; includeInIndex = 0; };
		307943FB54964B48A7F7B8BF /* CDVCamera.h */ = {isa = PBXFileReference; name = "CDVCamera.h"; path = "cordova-plugin-camera/CDVCamera.h"; sourceTree = "<group>"; fileEncoding = 4; lastKnownFileType = sourcecode.c.h; explicitFileType = undefined; includeInIndex = 0; };
		23604D4630514A52AD3B7ACB /* CDVJpegHeaderWriter.h */ = {isa = PBXFileReference; name = "CDVJpegHeaderWriter.h"; path = "cordova-plugin-camera/CDVJpegHeaderWriter.h"; sourceTree = "<group>"; fileEncoding = 4; lastKnownFileType = sourcecode.c.h; explicitFileType = undefined; includeInIndex = 0; };
		EB83522B9F4244F691645945 /* CDVExif.h */ = {isa = PBXFileReference; name = "CDVExif.h"; path = "cordova-plugin-camera/CDVExif.h"; sourceTree = "<group>"; fileEncoding = 4; lastKnownFileType = sourcecode.c.h; explicitFileType = undefined; includeInIndex = 0; };
		09BECDF388124FF091D908A2 /* ImageIO.framework */ = {isa = PBXFileReference; name = "ImageIO.framework"; path = "System/Library/Frameworks/ImageIO.framework"; sourceTree = SDKROOT; fileEncoding = undefined; lastKnownFileType = wrapper.framework; explicitFileType = undefined; includeInIndex = 0; };
		9A4BA7AF41B24C258DA5C259 /* CoreLocation.framework */ = {isa = PBXFileReference; name = "CoreLocation.framework"; path = "System/Library/Frameworks/CoreLocation.framework"; sourceTree = SDKROOT; fileEncoding = undefined; lastKnownFileType = wrapper.framework; explicitFileType = undefined; includeInIndex = 0; };
		A72D01E7B2774B41A768D147 /* AVFoundation.framework */ = {isa = PBXFileReference; name = "AVFoundation.framework"; path = "System/Library/Frameworks/AVFoundation.framework"; sourceTree = SDKROOT; fileEncoding = undefined; lastKnownFileType = wrapper.framework; explicitFileType = undefined; includeInIndex = 0; };
		90090F57C8834F5A95994F41 /* CDVLogger.m */ = {isa = PBXFileReference; name = "CDVLogger.m"; path = "cordova-plugin-console/CDVLogger.m"; sourceTree = "<group>"; fileEncoding = 4; lastKnownFileType = sourcecode.c.objc; explicitFileType = undefined; includeInIndex = 0; };
		5165B47825E64C36968537EF /* CDVLogger.h */ = {isa = PBXFileReference; name = "CDVLogger.h"; path = "cordova-plugin-console/CDVLogger.h"; sourceTree = "<group>"; fileEncoding = 4; lastKnownFileType = sourcecode.c.h; explicitFileType = undefined; includeInIndex = 0; };
		71E8810A07B9456AA09E7B99 /* CDVContacts.m */ = {isa = PBXFileReference; name = "CDVContacts.m"; path = "cordova-plugin-contacts/CDVContacts.m"; sourceTree = "<group>"; fileEncoding = 4; lastKnownFileType = sourcecode.c.objc; explicitFileType = undefined; includeInIndex = 0; };
		08507FD31D6440A5BA1E45A3 /* CDVContact.m */ = {isa = PBXFileReference; name = "CDVContact.m"; path = "cordova-plugin-contacts/CDVContact.m"; sourceTree = "<group>"; fileEncoding = 4; lastKnownFileType = sourcecode.c.objc; explicitFileType = undefined; includeInIndex = 0; };
		0AC75810A6984B398599C0B3 /* CDVContacts.h */ = {isa = PBXFileReference; name = "CDVContacts.h"; path = "cordova-plugin-contacts/CDVContacts.h"; sourceTree = "<group>"; fileEncoding = 4; lastKnownFileType = sourcecode.c.h; explicitFileType = undefined; includeInIndex = 0; };
		4CC5BFA9EBEC4506B3DCE338 /* CDVContact.h */ = {isa = PBXFileReference; name = "CDVContact.h"; path = "cordova-plugin-contacts/CDVContact.h"; sourceTree = "<group>"; fileEncoding = 4; lastKnownFileType = sourcecode.c.h; explicitFileType = undefined; includeInIndex = 0; };
		BA185CEBC4FE4B73B5E33D3B /* AddressBook.framework */ = {isa = PBXFileReference; name = "AddressBook.framework"; path = "System/Library/Frameworks/AddressBook.framework"; sourceTree = SDKROOT; fileEncoding = undefined; lastKnownFileType = wrapper.framework; explicitFileType = undefined; includeInIndex = 0; };
		FE40BCCA23A64C8EBE9F2FEC /* AddressBookUI.framework */ = {isa = PBXFileReference; name = "AddressBookUI.framework"; path = "System/Library/Frameworks/AddressBookUI.framework"; sourceTree = SDKROOT; fileEncoding = undefined; lastKnownFileType = wrapper.framework; explicitFileType = undefined; includeInIndex = 0; };
		C21AA35D7B6E4FAD8A77F82F /* CDVDevice.m */ = {isa = PBXFileReference; name = "CDVDevice.m"; path = "cordova-plugin-device/CDVDevice.m"; sourceTree = "<group>"; fileEncoding = 4; lastKnownFileType = sourcecode.c.objc; explicitFileType = undefined; includeInIndex = 0; };
		207E3F9C07DB42878870E616 /* CDVDevice.h */ = {isa = PBXFileReference; name = "CDVDevice.h"; path = "cordova-plugin-device/CDVDevice.h"; sourceTree = "<group>"; fileEncoding = 4; lastKnownFileType = sourcecode.c.h; explicitFileType = undefined; includeInIndex = 0; };
		B239F0966AB64BE3B1EDCE9D /* libz.tbd */ = {isa = PBXFileReference; name = "libz.tbd"; path = "usr/lib/libz.tbd"; sourceTree = SDKROOT; fileEncoding = undefined; lastKnownFileType = sourcecode.text-based-dylib-definition; explicitFileType = undefined; includeInIndex = 0; };
		701B566CE72140718C0A9CCB /* CDVAccelerometer.m */ = {isa = PBXFileReference; name = "CDVAccelerometer.m"; path = "cordova-plugin-device-motion/CDVAccelerometer.m"; sourceTree = "<group>"; fileEncoding = 4; lastKnownFileType = sourcecode.c.objc; explicitFileType = undefined; includeInIndex = 0; };
		D9EA4DE700E74CF087C5A98E /* CDVAccelerometer.h */ = {isa = PBXFileReference; name = "CDVAccelerometer.h"; path = "cordova-plugin-device-motion/CDVAccelerometer.h"; sourceTree = "<group>"; fileEncoding = 4; lastKnownFileType = sourcecode.c.h; explicitFileType = undefined; includeInIndex = 0; };
		A802E1DDB1074D698DBE8D90 /* CoreMotion.framework */ = {isa = PBXFileReference; name = "CoreMotion.framework"; path = "System/Library/Frameworks/CoreMotion.framework"; sourceTree = SDKROOT; fileEncoding = undefined; lastKnownFileType = wrapper.framework; explicitFileType = undefined; includeInIndex = 0; };
		DBF40A3D3D4D4D7189E0B1CA /* CDVCompass.m */ = {isa = PBXFileReference; name = "CDVCompass.m"; path = "cordova-plugin-device-orientation/CDVCompass.m"; sourceTree = "<group>"; fileEncoding = 4; lastKnownFileType = sourcecode.c.objc; explicitFileType = undefined; includeInIndex = 0; };
		D7954F02D2A4466DBA6923FB /* CDVCompass.h */ = {isa = PBXFileReference; name = "CDVCompass.h"; path = "cordova-plugin-device-orientation/CDVCompass.h"; sourceTree = "<group>"; fileEncoding = 4; lastKnownFileType = sourcecode.c.h; explicitFileType = undefined; includeInIndex = 0; };
		66D6FD508AA34B759D12E966 /* CDVNotification.m */ = {isa = PBXFileReference; name = "CDVNotification.m"; path = "cordova-plugin-dialogs/CDVNotification.m"; sourceTree = "<group>"; fileEncoding = 4; lastKnownFileType = sourcecode.c.objc; explicitFileType = undefined; includeInIndex = 0; };
		F9119C41BF1844CFA3233FC5 /* CDVNotification.h */ = {isa = PBXFileReference; name = "CDVNotification.h"; path = "cordova-plugin-dialogs/CDVNotification.h"; sourceTree = "<group>"; fileEncoding = 4; lastKnownFileType = sourcecode.c.h; explicitFileType = undefined; includeInIndex = 0; };
		8950D8684683485EB55B84FD /* CDVNotification.bundle */ = {isa = PBXFileReference; name = "CDVNotification.bundle"; path = "CDVNotification.bundle"; sourceTree = "<group>"; fileEncoding = undefined; lastKnownFileType = wrapper.plug-in; explicitFileType = undefined; includeInIndex = 0; };
		0B30EDCA685647869458BD35 /* AudioToolbox.framework */ = {isa = PBXFileReference; name = "AudioToolbox.framework"; path = "System/Library/Frameworks/AudioToolbox.framework"; sourceTree = SDKROOT; fileEncoding = undefined; lastKnownFileType = wrapper.framework; explicitFileType = undefined; includeInIndex = 0; };
		AEEA23E601764C108A10EA8A /* CDVFile.m */ = {isa = PBXFileReference; name = "CDVFile.m"; path = "cordova-plugin-file/CDVFile.m"; sourceTree = "<group>"; fileEncoding = 4; lastKnownFileType = sourcecode.c.objc; explicitFileType = undefined; includeInIndex = 0; };
		A38E5AE855344145AD7CF89E /* CDVLocalFilesystem.m */ = {isa = PBXFileReference; name = "CDVLocalFilesystem.m"; path = "cordova-plugin-file/CDVLocalFilesystem.m"; sourceTree = "<group>"; fileEncoding = 4; lastKnownFileType = sourcecode.c.objc; explicitFileType = undefined; includeInIndex = 0; };
		CA971270EE1441B8BD9E163A /* CDVAssetLibraryFilesystem.m */ = {isa = PBXFileReference; name = "CDVAssetLibraryFilesystem.m"; path = "cordova-plugin-file/CDVAssetLibraryFilesystem.m"; sourceTree = "<group>"; fileEncoding = 4; lastKnownFileType = sourcecode.c.objc; explicitFileType = undefined; includeInIndex = 0; };
		42034B9AF12E4A3EAB75ECEC /* CDVFile.h */ = {isa = PBXFileReference; name = "CDVFile.h"; path = "cordova-plugin-file/CDVFile.h"; sourceTree = "<group>"; fileEncoding = 4; lastKnownFileType = sourcecode.c.h; explicitFileType = undefined; includeInIndex = 0; };
		C29444F6597C4B408FC44693 /* CDVLocalFilesystem.h */ = {isa = PBXFileReference; name = "CDVLocalFilesystem.h"; path = "cordova-plugin-file/CDVLocalFilesystem.h"; sourceTree = "<group>"; fileEncoding = 4; lastKnownFileType = sourcecode.c.h; explicitFileType = undefined; includeInIndex = 0; };
		17F162DCD57A4570AEF0F621 /* CDVAssetLibraryFilesystem.h */ = {isa = PBXFileReference; name = "CDVAssetLibraryFilesystem.h"; path = "cordova-plugin-file/CDVAssetLibraryFilesystem.h"; sourceTree = "<group>"; fileEncoding = 4; lastKnownFileType = sourcecode.c.h; explicitFileType = undefined; includeInIndex = 0; };
		E5F8E8A636DE4C1D9202D0B4 /* CDVFileTransfer.m */ = {isa = PBXFileReference; name = "CDVFileTransfer.m"; path = "cordova-plugin-file-transfer/CDVFileTransfer.m"; sourceTree = "<group>"; fileEncoding = 4; lastKnownFileType = sourcecode.c.objc; explicitFileType = undefined; includeInIndex = 0; };
		0367FF48AA464211BD8E5516 /* CDVFileTransfer.h */ = {isa = PBXFileReference; name = "CDVFileTransfer.h"; path = "cordova-plugin-file-transfer/CDVFileTransfer.h"; sourceTree = "<group>"; fileEncoding = 4; lastKnownFileType = sourcecode.c.h; explicitFileType = undefined; includeInIndex = 0; };
		331E76B193B749459F618D2A /* CDVLocation.m */ = {isa = PBXFileReference; name = "CDVLocation.m"; path = "cordova-plugin-geolocation/CDVLocation.m"; sourceTree = "<group>"; fileEncoding = 4; lastKnownFileType = sourcecode.c.objc; explicitFileType = undefined; includeInIndex = 0; };
		05AC585DACF74EA38B6562A4 /* CDVLocation.h */ = {isa = PBXFileReference; name = "CDVLocation.h"; path = "cordova-plugin-geolocation/CDVLocation.h"; sourceTree = "<group>"; fileEncoding = 4; lastKnownFileType = sourcecode.c.h; explicitFileType = undefined; includeInIndex = 0; };
		FD687280E3EB4F7E8440C74C /* CDVGlobalization.m */ = {isa = PBXFileReference; name = "CDVGlobalization.m"; path = "cordova-plugin-globalization/CDVGlobalization.m"; sourceTree = "<group>"; fileEncoding = 4; lastKnownFileType = sourcecode.c.objc; explicitFileType = undefined; includeInIndex = 0; };
		625FF0F29D894BD6B26EC65F /* CDVGlobalization.h */ = {isa = PBXFileReference; name = "CDVGlobalization.h"; path = "cordova-plugin-globalization/CDVGlobalization.h"; sourceTree = "<group>"; fileEncoding = 4; lastKnownFileType = sourcecode.c.h; explicitFileType = undefined; includeInIndex = 0; };
		423C9BB4289F489C8F750E27 /* CDVInAppBrowser.m */ = {isa = PBXFileReference; name = "CDVInAppBrowser.m"; path = "cordova-plugin-inappbrowser/CDVInAppBrowser.m"; sourceTree = "<group>"; fileEncoding = 4; lastKnownFileType = sourcecode.c.objc; explicitFileType = undefined; includeInIndex = 0; };
		940E17A7A56E4E67A7762A07 /* CDVInAppBrowser.h */ = {isa = PBXFileReference; name = "CDVInAppBrowser.h"; path = "cordova-plugin-inappbrowser/CDVInAppBrowser.h"; sourceTree = "<group>"; fileEncoding = 4; lastKnownFileType = sourcecode.c.h; explicitFileType = undefined; includeInIndex = 0; };
		DF28EFACD03D485982BEC7D0 /* CDVSound.m */ = {isa = PBXFileReference; name = "CDVSound.m"; path = "cordova-plugin-media/CDVSound.m"; sourceTree = "<group>"; fileEncoding = 4; lastKnownFileType = sourcecode.c.objc; explicitFileType = undefined; includeInIndex = 0; };
		69224B9E8AAC4FAAA0EBE345 /* CDVSound.h */ = {isa = PBXFileReference; name = "CDVSound.h"; path = "cordova-plugin-media/CDVSound.h"; sourceTree = "<group>"; fileEncoding = 4; lastKnownFileType = sourcecode.c.h; explicitFileType = undefined; includeInIndex = 0; };
		EF3544E089A5402180C986BC /* CDVCapture.m */ = {isa = PBXFileReference; name = "CDVCapture.m"; path = "cordova-plugin-media-capture/CDVCapture.m"; sourceTree = "<group>"; fileEncoding = 4; lastKnownFileType = sourcecode.c.objc; explicitFileType = undefined; includeInIndex = 0; };
		565DD7AD4FF040A4A1D365D0 /* CDVCapture.h */ = {isa = PBXFileReference; name = "CDVCapture.h"; path = "cordova-plugin-media-capture/CDVCapture.h"; sourceTree = "<group>"; fileEncoding = 4; lastKnownFileType = sourcecode.c.h; explicitFileType = undefined; includeInIndex = 0; };
		11B369E929B94DD28EDF4D88 /* CDVCapture.bundle */ = {isa = PBXFileReference; name = "CDVCapture.bundle"; path = "CDVCapture.bundle"; sourceTree = "<group>"; fileEncoding = undefined; lastKnownFileType = wrapper.plug-in; explicitFileType = undefined; includeInIndex = 0; };
		585829E9438D49A2A308034C /* CDVConnection.m */ = {isa = PBXFileReference; name = "CDVConnection.m"; path = "cordova-plugin-network-information/CDVConnection.m"; sourceTree = "<group>"; fileEncoding = 4; lastKnownFileType = sourcecode.c.objc; explicitFileType = undefined; includeInIndex = 0; };
		F36BAAEC02FF4C5CB64569C5 /* CDVReachability.m */ = {isa = PBXFileReference; name = "CDVReachability.m"; path = "cordova-plugin-network-information/CDVReachability.m"; sourceTree = "<group>"; fileEncoding = 4; lastKnownFileType = sourcecode.c.objc; explicitFileType = undefined; includeInIndex = 0; };
		2240AF6E9AA347DFADE503FB /* CDVConnection.h */ = {isa = PBXFileReference; name = "CDVConnection.h"; path = "cordova-plugin-network-information/CDVConnection.h"; sourceTree = "<group>"; fileEncoding = 4; lastKnownFileType = sourcecode.c.h; explicitFileType = undefined; includeInIndex = 0; };
		A4BEB2763C5440C8A8925600 /* CDVReachability.h */ = {isa = PBXFileReference; name = "CDVReachability.h"; path = "cordova-plugin-network-information/CDVReachability.h"; sourceTree = "<group>"; fileEncoding = 4; lastKnownFileType = sourcecode.c.h; explicitFileType = undefined; includeInIndex = 0; };
		0EB58910A96044088AFE3E7F /* SystemConfiguration.framework */ = {isa = PBXFileReference; name = "SystemConfiguration.framework"; path = "System/Library/Frameworks/SystemConfiguration.framework"; sourceTree = SDKROOT; fileEncoding = undefined; lastKnownFileType = wrapper.framework; explicitFileType = undefined; includeInIndex = 0; };
		25A5188C5D564A2599EB1D2F /* CoreTelephony.framework */ = {isa = PBXFileReference; name = "CoreTelephony.framework"; path = "System/Library/Frameworks/CoreTelephony.framework"; sourceTree = SDKROOT; fileEncoding = undefined; lastKnownFileType = wrapper.framework; explicitFileType = undefined; includeInIndex = 0; };
		6FA298FB8C0F4779A20AA0CF /* CDVSplashScreen.m */ = {isa = PBXFileReference; name = "CDVSplashScreen.m"; path = "cordova-plugin-splashscreen/CDVSplashScreen.m"; sourceTree = "<group>"; fileEncoding = 4; lastKnownFileType = sourcecode.c.objc; explicitFileType = undefined; includeInIndex = 0; };
		E0EE1F9C68A34858BFB3DC04 /* CDVViewController+SplashScreen.m */ = {isa = PBXFileReference; name = "CDVViewController+SplashScreen.m"; path = "cordova-plugin-splashscreen/CDVViewController+SplashScreen.m"; sourceTree = "<group>"; fileEncoding = 4; lastKnownFileType = sourcecode.c.objc; explicitFileType = undefined; includeInIndex = 0; };
		FE8920384E5B48C5A9BB2466 /* CDVSplashScreen.h */ = {isa = PBXFileReference; name = "CDVSplashScreen.h"; path = "cordova-plugin-splashscreen/CDVSplashScreen.h"; sourceTree = "<group>"; fileEncoding = 4; lastKnownFileType = sourcecode.c.h; explicitFileType = undefined; includeInIndex = 0; };
		25A8012CE778484D8D9AF4D1 /* CDVViewController+SplashScreen.h */ = {isa = PBXFileReference; name = "CDVViewController+SplashScreen.h"; path = "cordova-plugin-splashscreen/CDVViewController+SplashScreen.h"; sourceTree = "<group>"; fileEncoding = 4; lastKnownFileType = sourcecode.c.h; explicitFileType = undefined; includeInIndex = 0; };
		8325774092B3494F8CC69F4B /* CDVStatusBar.m */ = {isa = PBXFileReference; name = "CDVStatusBar.m"; path = "cordova-plugin-statusbar/CDVStatusBar.m"; sourceTree = "<group>"; fileEncoding = 4; lastKnownFileType = sourcecode.c.objc; explicitFileType = undefined; includeInIndex = 0; };
		5F8C1FB0871841549A77B448 /* CDVStatusBar.h */ = {isa = PBXFileReference; name = "CDVStatusBar.h"; path = "cordova-plugin-statusbar/CDVStatusBar.h"; sourceTree = "<group>"; fileEncoding = 4; lastKnownFileType = sourcecode.c.h; explicitFileType = undefined; includeInIndex = 0; };
		A6C6F31E40F249B1BBD20B42 /* CDVVibration.m */ = {isa = PBXFileReference; name = "CDVVibration.m"; path = "cordova-plugin-vibration/CDVVibration.m"; sourceTree = "<group>"; fileEncoding = 4; lastKnownFileType = sourcecode.c.objc; explicitFileType = undefined; includeInIndex = 0; };
		1D892861EE1443F28A098BBB /* CDVVibration.h */ = {isa = PBXFileReference; name = "CDVVibration.h"; path = "cordova-plugin-vibration/CDVVibration.h"; sourceTree = "<group>"; fileEncoding = 4; lastKnownFileType = sourcecode.c.h; explicitFileType = undefined; includeInIndex = 0; };
/* End PBXFileReference section */

/* Begin PBXFrameworksBuildPhase section */
		1D60588F0D05DD3D006BFB54 /* Frameworks */ = {
			isa = PBXFrameworksBuildPhase;
			buildActionMask = 2147483647;
			files = (
				301BF552109A68D80062928A /* libCordova.a in Frameworks */,
				736F72D8EB284891AA892405 /* ImageIO.framework in Frameworks */,
				650A10ED0FD54C738AD2B189 /* CoreLocation.framework in Frameworks */,
				C13C636803B9443FA45612F1 /* AVFoundation.framework in Frameworks */,
				B5C5EDBB1C2447D59D3151F5 /* AddressBook.framework in Frameworks */,
				6458649FA03F487FBF809BE3 /* AddressBookUI.framework in Frameworks */,
				E23780F83DD14ECAAF3A5FD7 /* libz.tbd in Frameworks */,
				A84C76499B714A2188CBF703 /* CoreMotion.framework in Frameworks */,
				81A9A6662EAA47FF89C91AF4 /* AudioToolbox.framework in Frameworks */,
				6C1AEB69368D4A7CBE884950 /* SystemConfiguration.framework in Frameworks */,
				8CCED4F698D4498BA1878122 /* CoreTelephony.framework in Frameworks */,
			);
			runOnlyForDeploymentPostprocessing = 0;
		};
/* End PBXFrameworksBuildPhase section */

/* Begin PBXGroup section */
		080E96DDFE201D6D7F000001 /* Classes */ = {
			isa = PBXGroup;
			children = (
				302D95EE14D2391D003F00A1 /* MainViewController.h */,
				302D95EF14D2391D003F00A1 /* MainViewController.m */,
				302D95F014D2391D003F00A1 /* MainViewController.xib */,
				1D3623240D0F684500981E51 /* AppDelegate.h */,
				1D3623250D0F684500981E51 /* AppDelegate.m */,
			);
			name = Classes;
			path = "zoi/Classes";
			sourceTree = SOURCE_ROOT;
		};
		19C28FACFE9D520D11CA2CBB /* Products */ = {
			isa = PBXGroup;
			children = (
				1D6058910D05DD3D006BFB54 /* zoi.app */,
			);
			name = Products;
			sourceTree = "<group>";
		};
		29B97314FDCFA39411CA2CEA /* CustomTemplate */ = {
			isa = PBXGroup;
			children = (
				EB87FDF41871DAF40020F90C /* config.xml */,
				EB87FDF31871DA8E0020F90C /* www */,
				EB87FDF11871DA420020F90C /* Staging */,
				301BF52D109A57CC0062928A /* CordovaLib.xcodeproj */,
				080E96DDFE201D6D7F000001 /* Classes */,
				307C750510C5A3420062BCA9 /* Plugins */,
				29B97315FDCFA39411CA2CEA /* Other Sources */,
				29B97317FDCFA39411CA2CEA /* Resources */,
				29B97323FDCFA39411CA2CEA /* Frameworks */,
				19C28FACFE9D520D11CA2CBB /* Products */,
			);
			name = CustomTemplate;
			sourceTree = "<group>";
		};
		29B97315FDCFA39411CA2CEA /* Other Sources */ = {
			isa = PBXGroup;
			children = (
				32CA4F630368D1EE00C91783 /* zoi-Prefix.pch */,
				29B97316FDCFA39411CA2CEA /* main.m */,
				ED33DF2A687741AEAF9F8254 /* Bridging-Header.h */,
			);
			name = "Other Sources";
			path = "zoi";
			sourceTree = "<group>";
		};
		29B97317FDCFA39411CA2CEA /* Resources */ = {
			isa = PBXGroup;
			children = (
				0207DA571B56EA530066E2B4 /* Images.xcassets */,
				3047A50E1AB8057F00498E2A /* config */,
				8D1107310486CEB800E47090 /* zoi-Info.plist */,
				6AFF5BF81D6E424B00AB3073 /* CDVLaunchScreen.storyboard */,
				8950D8684683485EB55B84FD /* CDVNotification.bundle */,
				11B369E929B94DD28EDF4D88 /* CDVCapture.bundle */,
			);
			name = Resources;
			path = "zoi/Resources";
			sourceTree = "<group>";
		};
		29B97323FDCFA39411CA2CEA /* Frameworks */ = {
			isa = PBXGroup;
			children = (
				09BECDF388124FF091D908A2 /* ImageIO.framework */,
				9A4BA7AF41B24C258DA5C259 /* CoreLocation.framework */,
				A72D01E7B2774B41A768D147 /* AVFoundation.framework */,
				BA185CEBC4FE4B73B5E33D3B /* AddressBook.framework */,
				FE40BCCA23A64C8EBE9F2FEC /* AddressBookUI.framework */,
				B239F0966AB64BE3B1EDCE9D /* libz.tbd */,
				A802E1DDB1074D698DBE8D90 /* CoreMotion.framework */,
				0B30EDCA685647869458BD35 /* AudioToolbox.framework */,
				0EB58910A96044088AFE3E7F /* SystemConfiguration.framework */,
				25A5188C5D564A2599EB1D2F /* CoreTelephony.framework */,
			);
			name = Frameworks;
			sourceTree = "<group>";
		};
		301BF52E109A57CC0062928A /* Products */ = {
			isa = PBXGroup;
			children = (
				301BF535109A57CC0062928A /* libCordova.a */,
			);
			name = Products;
			sourceTree = "<group>";
		};
		3047A50E1AB8057F00498E2A /* config */ = {
			isa = PBXGroup;
			children = (
				3047A50F1AB8059700498E2A /* build-debug.xcconfig */,
				3047A5101AB8059700498E2A /* build-release.xcconfig */,
				3047A5111AB8059700498E2A /* build.xcconfig */,
			);
			name = config;
			sourceTree = "<group>";
		};
		307C750510C5A3420062BCA9 /* Plugins */ = {
			isa = PBXGroup;
			children = (
				EC76345147FB44639E32B61F /* CDVBattery.m */,
				44A45D3CAAEB4AAC84A33B29 /* CDVBattery.h */,
				441ABE7A87B2499A9B8A6EBC /* UIImage+CropScaleOrientation.m */,
				68C55BBCF1204137B3CB0191 /* CDVCamera.m */,
				92542E20E4CE4D029A30A490 /* CDVJpegHeaderWriter.m */,
				1E862EC57A0D4F6CA5633448 /* UIImage+CropScaleOrientation.h */,
				307943FB54964B48A7F7B8BF /* CDVCamera.h */,
				23604D4630514A52AD3B7ACB /* CDVJpegHeaderWriter.h */,
				EB83522B9F4244F691645945 /* CDVExif.h */,
				90090F57C8834F5A95994F41 /* CDVLogger.m */,
				5165B47825E64C36968537EF /* CDVLogger.h */,
				71E8810A07B9456AA09E7B99 /* CDVContacts.m */,
				08507FD31D6440A5BA1E45A3 /* CDVContact.m */,
				0AC75810A6984B398599C0B3 /* CDVContacts.h */,
				4CC5BFA9EBEC4506B3DCE338 /* CDVContact.h */,
				C21AA35D7B6E4FAD8A77F82F /* CDVDevice.m */,
				207E3F9C07DB42878870E616 /* CDVDevice.h */,
				701B566CE72140718C0A9CCB /* CDVAccelerometer.m */,
				D9EA4DE700E74CF087C5A98E /* CDVAccelerometer.h */,
				DBF40A3D3D4D4D7189E0B1CA /* CDVCompass.m */,
				D7954F02D2A4466DBA6923FB /* CDVCompass.h */,
				66D6FD508AA34B759D12E966 /* CDVNotification.m */,
				F9119C41BF1844CFA3233FC5 /* CDVNotification.h */,
				AEEA23E601764C108A10EA8A /* CDVFile.m */,
				A38E5AE855344145AD7CF89E /* CDVLocalFilesystem.m */,
				CA971270EE1441B8BD9E163A /* CDVAssetLibraryFilesystem.m */,
				42034B9AF12E4A3EAB75ECEC /* CDVFile.h */,
				C29444F6597C4B408FC44693 /* CDVLocalFilesystem.h */,
				17F162DCD57A4570AEF0F621 /* CDVAssetLibraryFilesystem.h */,
				E5F8E8A636DE4C1D9202D0B4 /* CDVFileTransfer.m */,
				0367FF48AA464211BD8E5516 /* CDVFileTransfer.h */,
				331E76B193B749459F618D2A /* CDVLocation.m */,
				05AC585DACF74EA38B6562A4 /* CDVLocation.h */,
				FD687280E3EB4F7E8440C74C /* CDVGlobalization.m */,
				625FF0F29D894BD6B26EC65F /* CDVGlobalization.h */,
				423C9BB4289F489C8F750E27 /* CDVInAppBrowser.m */,
				940E17A7A56E4E67A7762A07 /* CDVInAppBrowser.h */,
				DF28EFACD03D485982BEC7D0 /* CDVSound.m */,
				69224B9E8AAC4FAAA0EBE345 /* CDVSound.h */,
				EF3544E089A5402180C986BC /* CDVCapture.m */,
				565DD7AD4FF040A4A1D365D0 /* CDVCapture.h */,
				585829E9438D49A2A308034C /* CDVConnection.m */,
				F36BAAEC02FF4C5CB64569C5 /* CDVReachability.m */,
				2240AF6E9AA347DFADE503FB /* CDVConnection.h */,
				A4BEB2763C5440C8A8925600 /* CDVReachability.h */,
				6FA298FB8C0F4779A20AA0CF /* CDVSplashScreen.m */,
				E0EE1F9C68A34858BFB3DC04 /* CDVViewController+SplashScreen.m */,
				FE8920384E5B48C5A9BB2466 /* CDVSplashScreen.h */,
				25A8012CE778484D8D9AF4D1 /* CDVViewController+SplashScreen.h */,
				8325774092B3494F8CC69F4B /* CDVStatusBar.m */,
				5F8C1FB0871841549A77B448 /* CDVStatusBar.h */,
				A6C6F31E40F249B1BBD20B42 /* CDVVibration.m */,
				1D892861EE1443F28A098BBB /* CDVVibration.h */,
			);
			name = Plugins;
			path = "zoi/Plugins";
			sourceTree = SOURCE_ROOT;
		};
		EB87FDF11871DA420020F90C /* Staging */ = {
			isa = PBXGroup;
			children = (
				F840E1F0165FE0F500CFE078 /* config.xml */,
				301BF56E109A69640062928A /* www */,
			);
			name = Staging;
			sourceTree = "<group>";
		};
/* End PBXGroup section */

/* Begin PBXNativeTarget section */
		1D6058900D05DD3D006BFB54 /* zoi */ = {
			isa = PBXNativeTarget;
			buildConfigurationList = 1D6058960D05DD3E006BFB54 /* Build configuration list for PBXNativeTarget "zoi" */;
			buildPhases = (
				304B58A110DAC018002A0835 /* Copy www directory */,
				1D60588D0D05DD3D006BFB54 /* Resources */,
				1D60588E0D05DD3D006BFB54 /* Sources */,
				1D60588F0D05DD3D006BFB54 /* Frameworks */,
			);
			buildRules = (
			);
			dependencies = (
				301BF551109A68C00062928A /* PBXTargetDependency */,
			);
			name = "zoi";
			productName = "zoi";
			productReference = 1D6058910D05DD3D006BFB54 /* zoi.app */;
			productType = "com.apple.product-type.application";
		};
/* End PBXNativeTarget section */

/* Begin PBXProject section */
		29B97313FDCFA39411CA2CEA /* Project object */ = {
			isa = PBXProject;
			attributes = {
				LastUpgradeCheck = 510;
			};
			buildConfigurationList = C01FCF4E08A954540054247B /* Build configuration list for PBXProject "__NON-CLI__" */;
			compatibilityVersion = "Xcode 3.2";
			developmentRegion = English;
			hasScannedForEncodings = 1;
			mainGroup = 29B97314FDCFA39411CA2CEA /* CustomTemplate */;
			projectDirPath = "";
			projectReferences = (
				{
					ProductGroup = 301BF52E109A57CC0062928A /* Products */;
					ProjectRef = 301BF52D109A57CC0062928A /* CordovaLib.xcodeproj */;
				},
			);
			projectRoot = "";
			targets = (
				1D6058900D05DD3D006BFB54 /* zoi */,
			);
		};
/* End PBXProject section */

/* Begin PBXReferenceProxy section */
		301BF535109A57CC0062928A /* libCordova.a */ = {
			isa = PBXReferenceProxy;
			fileType = archive.ar;
			path = libCordova.a;
			remoteRef = 301BF534109A57CC0062928A /* PBXContainerItemProxy */;
			sourceTree = BUILT_PRODUCTS_DIR;
		};
/* End PBXReferenceProxy section */

/* Begin PBXResourcesBuildPhase section */
		1D60588D0D05DD3D006BFB54 /* Resources */ = {
			isa = PBXResourcesBuildPhase;
			buildActionMask = 2147483647;
			files = (
				302D95F214D2391D003F00A1 /* MainViewController.xib in Resources */,
				0207DA581B56EA530066E2B4 /* Images.xcassets in Resources */,
				6AFF5BF91D6E424B00AB3073 /* CDVLaunchScreen.storyboard in Resources */,
				FE206E610F1941478982C8F0 /* CDVNotification.bundle in Resources */,
				4D44EF0D20DB48C49DAA41BC /* CDVCapture.bundle in Resources */,
			);
			runOnlyForDeploymentPostprocessing = 0;
		};
/* End PBXResourcesBuildPhase section */

/* Begin PBXShellScriptBuildPhase section */
		304B58A110DAC018002A0835 /* Copy www directory */ = {
			isa = PBXShellScriptBuildPhase;
			buildActionMask = 2147483647;
			files = (
			);
			inputPaths = (
			);
			name = "Copy www directory";
			outputPaths = (
			);
			runOnlyForDeploymentPostprocessing = 0;
			shellPath = /bin/sh;
			shellScript = "NODEJS_PATH=/usr/local/bin; NVM_NODE_PATH=~/.nvm/versions/node/`nvm version 2>/dev/null`/bin; N_NODE_PATH=`find /usr/local/n/versions/node/* -maxdepth 0 -type d 2>/dev/null | tail -1`/bin; XCODE_NODE_PATH=`xcode-select --print-path`/usr/share/xcs/Node/bin; PATH=$NODEJS_PATH:$NVM_NODE_PATH:$N_NODE_PATH:$XCODE_NODE_PATH:$PATH && node cordova/lib/copy-www-build-step.js";
			showEnvVarsInLog = 0;
		};
/* End PBXShellScriptBuildPhase section */

/* Begin PBXSourcesBuildPhase section */
		1D60588E0D05DD3D006BFB54 /* Sources */ = {
			isa = PBXSourcesBuildPhase;
			buildActionMask = 2147483647;
			files = (
				1D60589B0D05DD56006BFB54 /* main.m in Sources */,
				1D3623260D0F684500981E51 /* AppDelegate.m in Sources */,
				302D95F114D2391D003F00A1 /* MainViewController.m in Sources */,
				DBFC053E623C43478574EB34 /* CDVBattery.m in Sources */,
				45DFD4BAE6DE4447AC594EE6 /* UIImage+CropScaleOrientation.m in Sources */,
				F2B2D648E17348D691D19D8D /* CDVCamera.m in Sources */,
				DB7F1463F8C4487FAC00C70D /* CDVJpegHeaderWriter.m in Sources */,
				B6CC72582EDB4E3DA9043B39 /* CDVLogger.m in Sources */,
				3F12CA7778474FEFB6336152 /* CDVContacts.m in Sources */,
				FED49752FD10476CABE2692F /* CDVContact.m in Sources */,
				5DA49F01E3544D649DAAF1E8 /* CDVDevice.m in Sources */,
				66A0C5A1423E4E9A928393B2 /* CDVAccelerometer.m in Sources */,
				484E43FBE2454EE8A9831861 /* CDVCompass.m in Sources */,
				F28DDC77DF764E5392A65BE9 /* CDVNotification.m in Sources */,
				2BFBF90A1FD7441289CB744E /* CDVFile.m in Sources */,
				0B6E9D168AEF4B568ACA8C23 /* CDVLocalFilesystem.m in Sources */,
				87E9007DA1A445A1AADAC076 /* CDVAssetLibraryFilesystem.m in Sources */,
				2403350BC39943C5B97E8FA8 /* CDVFileTransfer.m in Sources */,
				5AA971187C034C7BA2D33A83 /* CDVLocation.m in Sources */,
				F8993B5249544461B76115CD /* CDVGlobalization.m in Sources */,
				DCBFCBC11D584D3BBE2E6DFE /* CDVInAppBrowser.m in Sources */,
				9972393593DC43EA9C220AC0 /* CDVSound.m in Sources */,
				F7CD786D1E44461F89115243 /* CDVCapture.m in Sources */,
				BB66D45EE4C84AB58AA2945E /* CDVConnection.m in Sources */,
				1B66840EACBE47978692A94A /* CDVReachability.m in Sources */,
				BC04020501CD4A9E9AC87633 /* CDVSplashScreen.m in Sources */,
				963F51394C9442E69D2C597A /* CDVViewController+SplashScreen.m in Sources */,
				30BA5BED586943DFAE2D800A /* CDVStatusBar.m in Sources */,
				162F1BAB3E724D0991F004DA /* CDVVibration.m in Sources */,
			);
			runOnlyForDeploymentPostprocessing = 0;
		};
/* End PBXSourcesBuildPhase section */

/* Begin PBXTargetDependency section */
		301BF551109A68C00062928A /* PBXTargetDependency */ = {
			isa = PBXTargetDependency;
			name = CordovaLib;
			targetProxy = 301BF550109A68C00062928A /* PBXContainerItemProxy */;
		};
/* End PBXTargetDependency section */

/* Begin XCBuildConfiguration section */
		1D6058940D05DD3E006BFB54 /* Debug */ = {
			isa = XCBuildConfiguration;
			baseConfigurationReference = 3047A50F1AB8059700498E2A /* build-debug.xcconfig */;
			buildSettings = {
				ALWAYS_SEARCH_USER_PATHS = NO;
				ASSETCATALOG_COMPILER_APPICON_NAME = AppIcon;
				ASSETCATALOG_COMPILER_LAUNCHIMAGE_NAME = LaunchImage;
				CLANG_ENABLE_MODULES = YES;
				CLANG_ENABLE_OBJC_ARC = YES;
				COPY_PHASE_STRIP = NO;
				GCC_DYNAMIC_NO_PIC = NO;
				GCC_OPTIMIZATION_LEVEL = 0;
				GCC_PRECOMPILE_PREFIX_HEADER = YES;
				GCC_PREFIX_HEADER = "zoi/zoi-Prefix.pch";
				GCC_THUMB_SUPPORT = NO;
				GCC_VERSION = "";
				INFOPLIST_FILE = "zoi/zoi-Info.plist";
				IPHONEOS_DEPLOYMENT_TARGET = 8.0;
				LD_RUNPATH_SEARCH_PATHS = "@executable_path/Frameworks";
				TARGETED_DEVICE_FAMILY = "1,2";
				PRODUCT_NAME = "zoi";
			};
			name = Debug;
		};
		1D6058950D05DD3E006BFB54 /* Release */ = {
			isa = XCBuildConfiguration;
			baseConfigurationReference = 3047A5101AB8059700498E2A /* build-release.xcconfig */;
			buildSettings = {
				ALWAYS_SEARCH_USER_PATHS = NO;
				ASSETCATALOG_COMPILER_APPICON_NAME = AppIcon;
				ASSETCATALOG_COMPILER_LAUNCHIMAGE_NAME = LaunchImage;
				CLANG_ENABLE_MODULES = YES;
				CLANG_ENABLE_OBJC_ARC = YES;
				COPY_PHASE_STRIP = YES;
				GCC_PRECOMPILE_PREFIX_HEADER = YES;
				GCC_PREFIX_HEADER = "zoi/zoi-Prefix.pch";
				GCC_THUMB_SUPPORT = NO;
				GCC_VERSION = "";
				INFOPLIST_FILE = "zoi/zoi-Info.plist";
				IPHONEOS_DEPLOYMENT_TARGET = 8.0;
				LD_RUNPATH_SEARCH_PATHS = "@executable_path/Frameworks";
				TARGETED_DEVICE_FAMILY = "1,2";
				PRODUCT_NAME = "zoi";
			};
			name = Release;
		};
		C01FCF4F08A954540054247B /* Debug */ = {
			isa = XCBuildConfiguration;
			baseConfigurationReference = 3047A5111AB8059700498E2A /* build.xcconfig */;
			buildSettings = {
				CLANG_ENABLE_MODULES = YES;
				CLANG_ENABLE_OBJC_ARC = YES;
				CLANG_WARN_BOOL_CONVERSION = YES;
				CLANG_WARN_CONSTANT_CONVERSION = YES;
				CLANG_WARN_EMPTY_BODY = YES;
				CLANG_WARN_ENUM_CONVERSION = YES;
				CLANG_WARN_INT_CONVERSION = YES;
				CLANG_WARN__DUPLICATE_METHOD_MATCH = YES;
				GCC_C_LANGUAGE_STANDARD = c99;
				GCC_THUMB_SUPPORT = NO;
				GCC_VERSION = "";
				GCC_WARN_ABOUT_RETURN_TYPE = YES;
				GCC_WARN_UNDECLARED_SELECTOR = YES;
				GCC_WARN_UNINITIALIZED_AUTOS = YES;
				GCC_WARN_UNUSED_FUNCTION = YES;
				GCC_WARN_UNUSED_VARIABLE = YES;
				ONLY_ACTIVE_ARCH = YES;
				SDKROOT = iphoneos;
				SKIP_INSTALL = NO;
				ASSETCATALOG_COMPILER_LAUNCHIMAGE_NAME = LaunchImage;
			};
			name = Debug;
		};
		C01FCF5008A954540054247B /* Release */ = {
			isa = XCBuildConfiguration;
			baseConfigurationReference = 3047A5111AB8059700498E2A /* build.xcconfig */;
			buildSettings = {
				CLANG_ENABLE_MODULES = YES;
				CLANG_ENABLE_OBJC_ARC = YES;
				CLANG_WARN_BOOL_CONVERSION = YES;
				CLANG_WARN_CONSTANT_CONVERSION = YES;
				CLANG_WARN_EMPTY_BODY = YES;
				CLANG_WARN_ENUM_CONVERSION = YES;
				CLANG_WARN_INT_CONVERSION = YES;
				CLANG_WARN__DUPLICATE_METHOD_MATCH = YES;
				GCC_C_LANGUAGE_STANDARD = c99;
				GCC_THUMB_SUPPORT = NO;
				GCC_VERSION = "";
				GCC_WARN_ABOUT_RETURN_TYPE = YES;
				GCC_WARN_UNDECLARED_SELECTOR = YES;
				GCC_WARN_UNINITIALIZED_AUTOS = YES;
				GCC_WARN_UNUSED_FUNCTION = YES;
				GCC_WARN_UNUSED_VARIABLE = YES;
				SDKROOT = iphoneos;
				SKIP_INSTALL = NO;
				ASSETCATALOG_COMPILER_LAUNCHIMAGE_NAME = LaunchImage;
			};
			name = Release;
		};
/* End XCBuildConfiguration section */

/* Begin XCConfigurationList section */
		1D6058960D05DD3E006BFB54 /* Build configuration list for PBXNativeTarget "zoi" */ = {
			isa = XCConfigurationList;
			buildConfigurations = (
				1D6058940D05DD3E006BFB54 /* Debug */,
				1D6058950D05DD3E006BFB54 /* Release */,
			);
			defaultConfigurationIsVisible = 0;
			defaultConfigurationName = Release;
		};
		C01FCF4E08A954540054247B /* Build configuration list for PBXProject "__NON-CLI__" */ = {
			isa = XCConfigurationList;
			buildConfigurations = (
				C01FCF4F08A954540054247B /* Debug */,
				C01FCF5008A954540054247B /* Release */,
			);
			defaultConfigurationIsVisible = 0;
			defaultConfigurationName = Release;
		};
/* End XCConfigurationList section */
	};
	rootObject = 29B97313FDCFA39411CA2CEA /* Project object */;
}
